github.com/craterdog/go-class-model/v7 v7.37.0 h1:RtKf0pJYDKGPxdbLOnyfCVyoVsrSy0JWZsksFC95Gag=
github.com/craterdog/go-class-model/v7 v7.37.0/go.mod h1:xWeelejT2qty+TfGJ0tZXxGfghWbVSNkbrN4GUyOs4M=
github.com/craterdog/go-code-generation/v7 v7.50.0 h1:qpZhDZN4/EL2QOcpsk05bBqHHNWzlI1cx000TTxL2Gs=
github.com/craterdog/go-code-generation/v7 v7.50.0/go.mod h1:4T7I4psXZkdkgdzjqF4TuupNc9LqKSHbrEPPSuQe574=
github.com/craterdog/go-component-framework/v7 v7.24.0 h1:xMncWrMjErOY+4PXzmJI9JmGZfPnCyN4xGhFcHWs0yo=
github.com/craterdog/go-component-framework/v7 v7.24.0/go.mod h1:aqql8ozyucbTxlWwDAyXmBsPxXiVzcRQ6TtRvurhz0E=
github.com/craterdog/go-missing-utilities/v7 v7.17.0 h1:MxbnXv2abPzf980iq/72aujJubOrJ6Qa4vlHfxzpz2E=
github.com/craterdog/go-missing-utilities/v7 v7.17.0/go.mod h1:QIlxcEbals02cl4kp6qo4rQHtVEBv97XNYSZLA9NhgU=
github.com/craterdog/go-syntax-notation/v7 v7.42.0 h1:BQQqF2iGXK4yJbf0nzMDij/RStzgYaUPmgu085p4PkY=
github.com/craterdog/go-syntax-notation/v7 v7.42.0/go.mod h1:km3ye0pZwG/j3PqKzBssYpBwT9U7O16KlBwhQRGdnvI=
github.com/davecgh/go-spew v1.1.1 h1:vj9j/u1bqnvCEfJOwUhtlOARqs3+rkHYY13jYWTU97c=
github.com/davecgh/go-spew v1.1.1/go.mod h1:J7Y8YcW2NihsgmVo/mv3lAwl/skON4iLHjSsI+c5H38=
github.com/pmezard/go-difflib v1.0.0 h1:4DBwDE0NGyQoBHbLQYPwSUPoCMWR5BEzIk/f1lZbAQM=
github.com/pmezard/go-difflib v1.0.0/go.mod h1:iKH77koFhYxTK1pcRnkKkqfTogsbg7gZNVY4sRDYZ/4=
github.com/stretchr/testify v1.11.1 h1:7s2iGBzp5EwR7/aIZr8ao5+dra3wiQyKjjFuvgVKu7U=
github.com/stretchr/testify v1.11.1/go.mod h1:wZwfW3scLgRK+23gO65QZefKpKQRnfz6sD981Nm4B6U=
gopkg.in/yaml.v3 v3.0.1 h1:fxVm/GzAzEWqLHuvctI91KS9hhNmmWOoWu0XTYJS7CA=
gopkg.in/yaml.v3 v3.0.1/go.mod h1:K4uyk7z7BCEPqu6E+C64Yfv1cQ7kz7rIZviUmN+EgEM=
