github.com/craterdog/go-class-model/v7 v7.36.0 h1:sMqvc+zhc1RMy+VtzIdoT8dFMJBCI6SjQknm1ucq910=
github.com/craterdog/go-class-model/v7 v7.36.0/go.mod h1:M2DpGG6y63c8yxcY0oqLIymEJZf+NAjoNbkE+a2CnkE=
github.com/craterdog/go-code-generation/v7 v7.48.0 h1:9HnLq42cRjOCPeGp3G9fZYf1/J41x6EaKO838chB4qM=
github.com/craterdog/go-code-generation/v7 v7.48.0/go.mod h1:wscbhQseLLpbU3K9gOeqhoMTiNpe/X5cK3zeZj3/W3k=
github.com/craterdog/go-component-framework/v7 v7.22.0 h1:W3UkLOQMUSJLIVE7hui5GzW6kNYPzUiDQi8oiB7LUZk=
github.com/craterdog/go-component-framework/v7 v7.22.0/go.mod h1:tVnnJzkWI1+kkUu0LREYPjI8QWTVZutxcaTYzzv4Il8=
github.com/craterdog/go-missing-utilities/v7 v7.13.0 h1:03R+Dm5zdBL/7ilGpXqBMop5QX1D6dQB3EYdpYLCk8Q=
github.com/craterdog/go-missing-utilities/v7 v7.13.0/go.mod h1:uEyTYeiSq4hzoJn9dPPZxGUKVjKU90v0xh0WhTnhRVs=
github.com/craterdog/go-syntax-notation/v7 v7.40.0 h1:8Z8m2xsY9/w8YR1KcJy+8qiXBegw0qWdgZ7NUpj6UjQ=
github.com/craterdog/go-syntax-notation/v7 v7.40.0/go.mod h1:m/4FzfTlFEngrhOKYDUmkpF/M9BkziRvQ80Zq7gf4cM=
github.com/davecgh/go-spew v1.1.1 h1:vj9j/u1bqnvCEfJOwUhtlOARqs3+rkHYY13jYWTU97c=
github.com/davecgh/go-spew v1.1.1/go.mod h1:J7Y8YcW2NihsgmVo/mv3lAwl/skON4iLHjSsI+c5H38=
github.com/pmezard/go-difflib v1.0.0 h1:4DBwDE0NGyQoBHbLQYPwSUPoCMWR5BEzIk/f1lZbAQM=
github.com/pmezard/go-difflib v1.0.0/go.mod h1:iKH77koFhYxTK1pcRnkKkqfTogsbg7gZNVY4sRDYZ/4=
github.com/stretchr/testify v1.11.1 h1:7s2iGBzp5EwR7/aIZr8ao5+dra3wiQyKjjFuvgVKu7U=
github.com/stretchr/testify v1.11.1/go.mod h1:wZwfW3scLgRK+23gO65QZefKpKQRnfz6sD981Nm4B6U=
gopkg.in/yaml.v3 v3.0.1 h1:fxVm/GzAzEWqLHuvctI91KS9hhNmmWOoWu0XTYJS7CA=
gopkg.in/yaml.v3 v3.0.1/go.mod h1:K4uyk7z7BCEPqu6E+C64Yfv1cQ7kz7rIZviUmN+EgEM=
