github.com/craterdog/go-class-model/v8 v8.5.0 h1:atuyZ51VngkN0Q520FoX0j5SBO8iEKaQ1bFDnLYtK5o=
github.com/craterdog/go-class-model/v8 v8.5.0/go.mod h1:dWj+5dmdlBFcrJ+pNm5M4P09ULrO3gxrr0qQW9IPjsQ=
github.com/craterdog/go-code-generation/v8 v8.7.0 h1:2QarcDPETI/1Qeb6/t2n2CIBzjE7OakgTsVAJrp1ZKI=
github.com/craterdog/go-code-generation/v8 v8.7.0/go.mod h1:kgB9JmkIwSd9gLHqLB6nXITP1GcMsHQiaItHxyev+2g=
github.com/craterdog/go-collection-framework/v8 v8.6.0 h1:BR1LptPdnvR7Z4pKEYREEmzcAgS1uAdTwcOFPPE6bLA=
github.com/craterdog/go-collection-framework/v8 v8.6.0/go.mod h1:NoxLRBWBO4yi/Pg6V3sblUF5E+F/U9BFufkfGJEd3Yk=
github.com/craterdog/go-missing-utilities/v8 v8.3.0 h1:jBlfDZyC1QnSXKAV61Y9RAsgqhSknUD1MtYV5xXQi+o=
github.com/craterdog/go-missing-utilities/v8 v8.3.0/go.mod h1:UrJvQh367oQNTIQCgysf83X4GKMGZOCXeLJbOg5TC/c=
github.com/craterdog/go-syntax-notation/v8 v8.5.0 h1:AU866ZI9Gwvr6zM6WYFdyw3hYaxNTkS8CL30RxXSXPs=
github.com/craterdog/go-syntax-notation/v8 v8.5.0/go.mod h1:xr7ZXYa6y0hZOSrtAGs9godeaxcCzAZM/pl0TXbmwxg=
github.com/davecgh/go-spew v1.1.1 h1:vj9j/u1bqnvCEfJOwUhtlOARqs3+rkHYY13jYWTU97c=
github.com/davecgh/go-spew v1.1.1/go.mod h1:J7Y8YcW2NihsgmVo/mv3lAwl/skON4iLHjSsI+c5H38=
github.com/pmezard/go-difflib v1.0.0 h1:4DBwDE0NGyQoBHbLQYPwSUPoCMWR5BEzIk/f1lZbAQM=
github.com/pmezard/go-difflib v1.0.0/go.mod h1:iKH77koFhYxTK1pcRnkKkqfTogsbg7gZNVY4sRDYZ/4=
github.com/stretchr/testify v1.11.1 h1:7s2iGBzp5EwR7/aIZr8ao5+dra3wiQyKjjFuvgVKu7U=
github.com/stretchr/testify v1.11.1/go.mod h1:wZwfW3scLgRK+23gO65QZefKpKQRnfz6sD981Nm4B6U=
gopkg.in/yaml.v3 v3.0.1 h1:fxVm/GzAzEWqLHuvctI91KS9hhNmmWOoWu0XTYJS7CA=
gopkg.in/yaml.v3 v3.0.1/go.mod h1:K4uyk7z7BCEPqu6E+C64Yfv1cQ7kz7rIZviUmN+EgEM=
